# This file is autogenerated, do not edit; changes may be undone by the next 'dep ensure'.


[[projects]]
  name = "github.com/Microsoft/go-winio"
  packages = ["."]
  revision = "c4dc1301f1dc0307acd38e611aa375a64dfe0642"
  version = "v0.4.3"

[[projects]]
  name = "github.com/Shopify/sarama"
  packages = ["."]
  revision = "c01858abb625b73a3af51d0798e4ad42c8147093"
  version = "v1.12.0"

[[projects]]
  name = "github.com/Sirupsen/logrus"
  packages = ["."]
  revision = "7f976d3a76720c4c27af2ba716b85d2e0a7e38b1"
  version = "v1.0.1"

[[projects]]
  branch = "master"
  name = "github.com/coreos/go-systemd"
  packages = ["sdjournal"]
  revision = "24036eb3df68550d24a2736c5d013f4e83366866"

[[projects]]
  name = "github.com/coreos/pkg"
  packages = ["dlopen"]
  revision = "3ac0863d7acf3bc44daf49afef8919af12f704ef"
  version = "v3"

[[projects]]
  name = "github.com/davecgh/go-spew"
  packages = ["spew"]
  revision = "346938d642f2ec3594ed81d874461961cd0faa76"
  version = "v1.1.0"

[[projects]]
  name = "github.com/docker/distribution"
  packages = ["digest","reference"]
  revision = "a25b9ef0c9fe242ac04bb20d3a028442b7d266b6"
  version = "v2.6.1"

[[projects]]
  name = "github.com/docker/docker"
  packages = ["api/types","api/types/blkiodev","api/types/container","api/types/events","api/types/filters","api/types/mount","api/types/network","api/types/reference","api/types/registry","api/types/strslice","api/types/swarm","api/types/time","api/types/versions","api/types/volume","client","pkg/tlsconfig"]
  revision = "092cba3727bb9b4a2f0e922cd6c0f93ea270e363"
  version = "v1.13.1"

[[projects]]
  name = "github.com/docker/go-connections"
  packages = ["nat","sockets","tlsconfig"]
  revision = "990a1a1a70b0da4c4cb70e117971a4f0babfbf1a"
  version = "v0.2.1"

[[projects]]
  name = "github.com/docker/go-units"
  packages = ["."]
  revision = "f2d77a61e3c169b43402a0a1e84f06daf29b8190"
  version = "v0.3.1"

[[projects]]
  name = "github.com/eapache/go-resiliency"
  packages = ["breaker"]
  revision = "6800482f2c813e689c88b7ed3282262385011890"
  version = "v1.0.0"

[[projects]]
  branch = "master"
  name = "github.com/eapache/go-xerial-snappy"
  packages = ["."]
  revision = "bb955e01b9346ac19dc29eb16586c90ded99a98c"

[[projects]]
  name = "github.com/eapache/queue"
  packages = ["."]
  revision = "ded5959c0d4e360646dc9e9908cff48666781367"
  version = "v1.0.2"

[[projects]]
  branch = "master"
  name = "github.com/elastic/beats"
  packages = ["libbeat/api","libbeat/beat","libbeat/cfgfile","libbeat/common","libbeat/common/atomic","libbeat/common/dtfmt","libbeat/common/file","libbeat/common/fmtstr","libbeat/common/jsontransform","libbeat/common/match","libbeat/common/op","libbeat/common/schema","libbeat/common/schema/mapstriface","libbeat/common/streambuf","libbeat/dashboards","libbeat/logp","libbeat/monitoring","libbeat/monitoring/adapter","libbeat/monitoring/report","libbeat/monitoring/report/elasticsearch","libbeat/outputs","libbeat/outputs/codec","libbeat/outputs/codec/format","libbeat/outputs/codec/json","libbeat/outputs/console","libbeat/outputs/elasticsearch","libbeat/outputs/fileout","libbeat/outputs/kafka","libbeat/outputs/logstash","libbeat/outputs/outil","libbeat/outputs/redis","libbeat/outputs/transport","libbeat/paths","libbeat/plugin","libbeat/processors","libbeat/processors/actions","libbeat/processors/add_cloud_metadata","libbeat/processors/add_docker_metadata","libbeat/processors/add_kubernetes_metadata","libbeat/processors/add_locale","libbeat/publisher","libbeat/publisher/bc/publisher","libbeat/publisher/beat","libbeat/publisher/broker","libbeat/publisher/broker/membroker","libbeat/publisher/includes","libbeat/publisher/pipeline","libbeat/service","libbeat/setup/kibana","libbeat/template","libbeat/testing","libbeat/version"]
  revision = "7a6a5ddd2af92fbe2f16a086ea1eece4e712c245"

[[projects]]
  name = "github.com/elastic/go-lumber"
  packages = ["client/v2","protocol/v2"]
  revision = "616041e345fc33c97bc0eb0fa6b388aa07bca3e1"
  version = "v0.1.0"

[[projects]]
  name = "github.com/elastic/go-ucfg"
  packages = [".","cfgutil","flag","internal/parse","json","yaml"]
  revision = "ec8488a52542c0c51e42e8ea204dcaff400bc644"
  version = "v0.4.6"

[[projects]]
  name = "github.com/ericchiang/k8s"
  packages = [".","api/resource","api/unversioned","api/v1","apis/apps/v1alpha1","apis/apps/v1beta1","apis/authentication/v1","apis/authentication/v1beta1","apis/authorization/v1","apis/authorization/v1beta1","apis/autoscaling/v1","apis/autoscaling/v2alpha1","apis/batch/v1","apis/batch/v2alpha1","apis/certificates/v1alpha1","apis/certificates/v1beta1","apis/extensions/v1beta1","apis/imagepolicy/v1alpha1","apis/meta/v1","apis/policy/v1alpha1","apis/policy/v1beta1","apis/rbac/v1alpha1","apis/rbac/v1beta1","apis/settings/v1alpha1","apis/storage/v1","apis/storage/v1beta1","runtime","runtime/schema","util/intstr","watch/versioned"]
  revision = "5803ed75e31fc1998b5f781ac08e22ff985c3f8f"

[[projects]]
  name = "github.com/fatih/color"
  packages = ["."]
  revision = "570b54cabe6b8eb0bc2dfce68d964677d63b5260"
  version = "v1.5.0"

[[projects]]
  name = "github.com/garyburd/redigo"
  packages = ["internal","redis"]
  revision = "433969511232c397de61b1442f9fd49ec06ae9ba"
  version = "v1.1.0"

[[projects]]
  name = "github.com/ghodss/yaml"
  packages = ["."]
  revision = "0ca9ea5df5451ffdf184b4428c902747c2c11cd7"
  version = "v1.0.0"

[[projects]]
  branch = "master"
  name = "github.com/golang/protobuf"
  packages = ["proto"]
  revision = "0a4f71a498b7c4812f64969510bcb4eca251e33a"

[[projects]]
  branch = "master"
  name = "github.com/golang/snappy"
  packages = ["."]
  revision = "553a641470496b2327abcac10b36396bd98e45c9"

[[projects]]
  branch = "master"
  name = "github.com/joeshaw/multierror"
  packages = ["."]
  revision = "69b34d4ec901851247ae7e77d33909caf9df99ed"

[[projects]]
  name = "github.com/klauspost/compress"
  packages = ["flate","zlib"]
  revision = "6c8db69c4b49dd4df1fff66996cf556176d0b9bf"
  version = "v1.2.1"

[[projects]]
  name = "github.com/klauspost/cpuid"
  packages = ["."]
  revision = "09cded8978dc9e80714c4d85b0322337b0a1e5e0"
  version = "v1.0"

[[projects]]
  name = "github.com/mattn/go-colorable"
  packages = ["."]
  revision = "941b50ebc6efddf4c41c8e4537a5f68a4e686b24"
  version = "v0.0.8"

[[projects]]
  name = "github.com/mattn/go-isatty"
  packages = ["."]
  revision = "fc9e8d8ef48496124e79ae0df75490096eccf6fe"
  version = "v0.0.2"

[[projects]]
  branch = "master"
  name = "github.com/mitchellh/hashstructure"
  packages = ["."]
  revision = "2bca23e0e452137f789efbc8610126fd8b94f73b"

[[projects]]
  name = "github.com/opencontainers/runc"
  packages = ["libcontainer/user"]
  revision = "baf6536d6259209c3edfa2b22237af82942d3dfa"
  version = "v0.1.1"

[[projects]]
  name = "github.com/pierrec/lz4"
  packages = ["."]
  revision = "5c9560bfa9ace2bf86080bf40d46b34ae44604df"
  version = "v1.0"

[[projects]]
  name = "github.com/pierrec/xxHash"
  packages = ["xxHash32"]
  revision = "f051bb7f1d1aaf1b5a665d74fb6b0217712c69f7"
  version = "v0.1.1"

[[projects]]
  name = "github.com/pkg/errors"
  packages = ["."]
  revision = "645ef00459ed84a119197bfb8d8205042c6df63d"
  version = "v0.8.0"

[[projects]]
  branch = "master"
  name = "github.com/rcrowley/go-metrics"
  packages = ["."]
  revision = "1f30fe9094a513ce4c700b9a54458bbb0c96996c"

[[projects]]
  name = "github.com/satori/go.uuid"
  packages = ["."]
  revision = "879c5887cd475cd7864858769793b2ceb0d44feb"
  version = "v1.1.0"

[[projects]]
  branch = "master"
  name = "github.com/urso/go-structform"
  packages = [".","gotype","internal/unsafe","json"]
  revision = "fc6abfdbae53e185870094bc210b42a0f65f6176"

[[projects]]
  branch = "master"
  name = "golang.org/x/net"
  packages = ["context","context/ctxhttp","http2","http2/hpack","idna","lex/httplex","proxy"]
  revision = "f01ecb60fe3835d80d9a0b7b2bf24b228c89260e"

[[projects]]
  branch = "master"
  name = "golang.org/x/sys"
  packages = ["unix","windows","windows/svc","windows/svc/debug"]
  revision = "abf9c25f54453410d0c6668e519582a9e1115027"

[[projects]]
  branch = "master"
  name = "golang.org/x/text"
  packages = ["internal/gen","internal/triegen","internal/ucd","secure/bidirule","transform","unicode/bidi","unicode/cldr","unicode/norm","unicode/rangetable"]
  revision = "cfdf022e86b4ecfb646e1efbd7db175dd623a8fa"

[[projects]]
  branch = "master"
  name = "golang.org/x/tools"
  packages = ["go/ast/astutil","go/buildutil","go/loader"]
  revision = "bce9606b3f617bc6280aab6abbf25962c23f398d"

[[projects]]
  branch = "v2"
  name = "gopkg.in/yaml.v2"
  packages = ["."]
  revision = "1be3d31502d6eabc0dd7ce5b0daab022e14a5538"

[solve-meta]
  analyzer-name = "dep"
  analyzer-version = 1
  inputs-digest = "9e04c07142225eb50571f0808231cf97d0b7fb1e1645d944ed3a3de679e8790d"
  solver-name = "gps-cdcl"
  solver-version = 1
